
Microsoft Visual Studio Solution File, Format Version 12.00
# Visual Studio Version 17
VisualStudioVersion = 17.8.34330.188
MinimumVisualStudioVersion = 10.0.40219.1
Project("{FAE04EC0-301F-11D3-BF4B-00C04F79EFBC}") = "BlazorWasmClient", "BlazorWasmClient\BlazorWasmClient.csproj", "{DF4FA4DA-490D-427E-8023-0333ED0AF6BF}"
EndProject
Global
	GlobalSection(SolutionConfigurationPlatforms) = preSolution
		Debug|Any CPU = Debug|Any CPU
		Release|Any CPU = Release|Any CPU
	EndGlobalSection
	GlobalSection(ProjectConfigurationPlatforms) = postSolution
		{DF4FA4DA-490D-427E-8023-0333ED0AF6BF}.Debug|Any CPU.ActiveCfg = Debug|Any CPU
		{DF4FA4DA-490D-427E-8023-0333ED0AF6BF}.Debug|Any CPU.Build.0 = Debug|Any CPU
		{DF4FA4DA-490D-427E-8023-0333ED0AF6BF}.Release|Any CPU.ActiveCfg = Release|Any CPU
		{DF4FA4DA-490D-427E-8023-0333ED0AF6BF}.Release|Any CPU.Build.0 = Release|Any CPU
	EndGlobalSection
	GlobalSection(SolutionProperties) = preSolution
		HideSolutionNode = FALSE
	EndGlobalSection
	GlobalSection(ExtensibilityGlobals) = postSolution
		SolutionGuid = {AD84BA34-D214-4FEE-A997-62E820F7BCCC}
	EndGlobalSection
EndGlobal
